# This is a Gradle generated file for dependency locking.
# Manual edits can break the build and are not advised.
# This file is expected to be part of source control.
# To regenerate this file, run: ./gradlew :dependencies --write-locks
com.github.siom79.japicmp:japicmp:0.26.1=japicmpClasspath
com.google.errorprone:error_prone_annotations:2.36.0=japicmpClasspath
com.google.guava:failureaccess:1.0.3=japicmpClasspath
com.google.guava:guava:33.4.8-jre=japicmpClasspath
com.google.guava:listenablefuture:9999.0-empty-to-avoid-conflict-with-guava=japicmpClasspath
com.google.j2objc:j2objc-annotations:3.0.0=japicmpClasspath
com.sun.istack:istack-commons-runtime:3.0.8=japicmpClasspath
com.sun.xml.fastinfoset:FastInfoset:1.2.16=japicmpClasspath
gradle:gradle:9.7.0=ideaToolingVerification
io.github.teemuki8:gameplay-box2d:0.1.0=gameplay-box2dApiBaseline
io.github.teemuki8:gameplay-core:0.1.0=gameplay-coreApiBaseline
io.github.teemuki8:gameplay-libgdx:0.1.0=gameplay-libgdxApiBaseline
io.github.teemuki8:gameplay-runtime:0.1.0=gameplay-runtimeApiBaseline
jakarta.activation:jakarta.activation-api:1.2.1=japicmpClasspath
jakarta.xml.bind:jakarta.xml.bind-api:2.3.2=japicmpClasspath
org.glassfish.jaxb:jaxb-runtime:2.3.2=japicmpClasspath
org.glassfish.jaxb:txw2:2.3.2=japicmpClasspath
org.javassist:javassist:3.30.2-GA=japicmpClasspath
org.jetbrains.kotlin:kotlin-reflect:2.4.0=ideaToolingVerification
org.jetbrains.kotlin:kotlin-stdlib:2.4.0=ideaToolingVerification
org.jetbrains:annotations:13.0=ideaToolingVerification
org.jspecify:jspecify:1.0.0=japicmpClasspath
org.jvnet.staxex:stax-ex:1.8.1=japicmpClasspath
empty=
